// !$*UTF8*$!
{
	archiveVersion = 1;
	classes = {
	};
	objectVersion = 55;
	objects = {

/* Begin PBXBuildFile section */
		165EDBF0E3ED8CA0C65F627D /* Pods_CreditCardList.framework in Frameworks */ = {isa = PBXBuildFile; fileRef = E6D995067C45AF44C8F4B5DF /* Pods_CreditCardList.framework */; };
		8B6D332327FECEEE00F4410C /* AppDelegate.swift in Sources */ = {isa = PBXBuildFile; fileRef = 8B6D332227FECEEE00F4410C /* AppDelegate.swift */; };
		8B6D332527FECEEE00F4410C /* SceneDelegate.swift in Sources */ = {isa = PBXBuildFile; fileRef = 8B6D332427FECEEE00F4410C /* SceneDelegate.swift */; };
		8B6D332A27FECEEE00F4410C /* Main.storyboard in Resources */ = {isa = PBXBuildFile; fileRef = 8B6D332827FECEEE00F4410C /* Main.storyboard */; };
		8B6D332C27FECEEF00F4410C /* Assets.xcassets in Resources */ = {isa = PBXBuildFile; fileRef = 8B6D332B27FECEEF00F4410C /* Assets.xcassets */; };
		8B6D332F27FECEEF00F4410C /* LaunchScreen.storyboard in Resources */ = {isa = PBXBuildFile; fileRef = 8B6D332D27FECEEF00F4410C /* LaunchScreen.storyboard */; };
		8B6D333727FECF0100F4410C /* CardListViewController.swift in Sources */ = {isa = PBXBuildFile; fileRef = 8B6D333627FECF0100F4410C /* CardListViewController.swift */; };
		8B6D333927FED15D00F4410C /* CreditCard.swift in Sources */ = {isa = PBXBuildFile; fileRef = 8B6D333827FED15D00F4410C /* CreditCard.swift */; };
		8B6D333C27FED20E00F4410C /* CardListCell.swift in Sources */ = {isa = PBXBuildFile; fileRef = 8B6D333A27FED20E00F4410C /* CardListCell.swift */; };
		8B6D333D27FED20E00F4410C /* CardListCell.xib in Resources */ = {isa = PBXBuildFile; fileRef = 8B6D333B27FED20E00F4410C /* CardListCell.xib */; };
		8B6D333F27FEDBFC00F4410C /* CardDetailViewController.swift in Sources */ = {isa = PBXBuildFile; fileRef = 8B6D333E27FEDBFC00F4410C /* CardDetailViewController.swift */; };
		8B6D334327FEDEB700F4410C /* money.json in Resources */ = {isa = PBXBuildFile; fileRef = 8B6D334227FEDEB700F4410C /* money.json */; };
		8B6D334527FEE87E00F4410C /* GoogleService-Info (1).plist in Resources */ = {isa = PBXBuildFile; fileRef = 8B6D334427FEE87E00F4410C /* GoogleService-Info (1).plist */; };
/* End PBXBuildFile section */

/* Begin PBXFileReference section */
		42F6B9FCFAC9485A76ED8B06 /* Pods-CreditCardList.debug.xcconfig */ = {isa = PBXFileReference; includeInIndex = 1; lastKnownFileType = text.xcconfig; name = "Pods-CreditCardList.debug.xcconfig"; path = "Target Support Files/Pods-CreditCardList/Pods-CreditCardList.debug.xcconfig"; sourceTree = "<group>"; };
		8B6D331F27FECEEE00F4410C /* CreditCardList.app */ = {isa = PBXFileReference; explicitFileType = wrapper.application; includeInIndex = 0; path = CreditCardList.app; sourceTree = BUILT_PRODUCTS_DIR; };
		8B6D332227FECEEE00F4410C /* AppDelegate.swift */ = {isa = PBXFileReference; lastKnownFileType = sourcecode.swift; path = AppDelegate.swift; sourceTree = "<group>"; };
		8B6D332427FECEEE00F4410C /* SceneDelegate.swift */ = {isa = PBXFileReference; lastKnownFileType = sourcecode.swift; path = SceneDelegate.swift; sourceTree = "<group>"; };
		8B6D332927FECEEE00F4410C /* Base */ = {isa = PBXFileReference; lastKnownFileType = file.storyboard; name = Base; path = Base.lproj/Main.storyboard; sourceTree = "<group>"; };
		8B6D332B27FECEEF00F4410C /* Assets.xcassets */ = {isa = PBXFileReference; lastKnownFileType = folder.assetcatalog; path = Assets.xcassets; sourceTree = "<group>"; };
		8B6D332E27FECEEF00F4410C /* Base */ = {isa = PBXFileReference; lastKnownFileType = file.storyboard; name = Base; path = Base.lproj/LaunchScreen.storyboard; sourceTree = "<group>"; };
		8B6D333027FECEEF00F4410C /* Info.plist */ = {isa = PBXFileReference; lastKnownFileType = text.plist.xml; path = Info.plist; sourceTree = "<group>"; };
		8B6D333627FECF0100F4410C /* CardListViewController.swift */ = {isa = PBXFileReference; lastKnownFileType = sourcecode.swift; path = CardListViewController.swift; sourceTree = "<group>"; };
		8B6D333827FED15D00F4410C /* CreditCard.swift */ = {isa = PBXFileReference; lastKnownFileType = sourcecode.swift; path = CreditCard.swift; sourceTree = "<group>"; };
		8B6D333A27FED20E00F4410C /* CardListCell.swift */ = {isa = PBXFileReference; lastKnownFileType = sourcecode.swift; path = CardListCell.swift; sourceTree = "<group>"; };
		8B6D333B27FED20E00F4410C /* CardListCell.xib */ = {isa = PBXFileReference; lastKnownFileType = file.xib; path = CardListCell.xib; sourceTree = "<group>"; };
		8B6D333E27FEDBFC00F4410C /* CardDetailViewController.swift */ = {isa = PBXFileReference; lastKnownFileType = sourcecode.swift; path = CardDetailViewController.swift; sourceTree = "<group>"; };
		8B6D334227FEDEB700F4410C /* money.json */ = {isa = PBXFileReference; fileEncoding = 4; lastKnownFileType = text.json; path = money.json; sourceTree = "<group>"; };
		8B6D334427FEE87E00F4410C /* GoogleService-Info (1).plist */ = {isa = PBXFileReference; fileEncoding = 4; lastKnownFileType = text.plist.xml; path = "GoogleService-Info (1).plist"; sourceTree = "<group>"; };
		8D5C528172C7B6A8EC534C00 /* Pods-CreditCardList.release.xcconfig */ = {isa = PBXFileReference; includeInIndex = 1; lastKnownFileType = text.xcconfig; name = "Pods-CreditCardList.release.xcconfig"; path = "Target Support Files/Pods-CreditCardList/Pods-CreditCardList.release.xcconfig"; sourceTree = "<group>"; };
		E6D995067C45AF44C8F4B5DF /* Pods_CreditCardList.framework */ = {isa = PBXFileReference; explicitFileType = wrapper.framework; includeInIndex = 0; path = Pods_CreditCardList.framework; sourceTree = BUILT_PRODUCTS_DIR; };
/* End PBXFileReference section */

/* Begin PBXFrameworksBuildPhase section */
		8B6D331C27FECEEE00F4410C /* Frameworks */ = {
			isa = PBXFrameworksBuildPhase;
			buildActionMask = 2147483647;
			files = (
				165EDBF0E3ED8CA0C65F627D /* Pods_CreditCardList.framework in Frameworks */,
			);
			runOnlyForDeploymentPostprocessing = 0;
		};
/* End PBXFrameworksBuildPhase section */

/* Begin PBXGroup section */
		3E974B4B840213E0EDB7C0ED /* Pods */ = {
			isa = PBXGroup;
			children = (
				42F6B9FCFAC9485A76ED8B06 /* Pods-CreditCardList.debug.xcconfig */,
				8D5C528172C7B6A8EC534C00 /* Pods-CreditCardList.release.xcconfig */,
			);
			path = Pods;
			sourceTree = "<group>";
		};
		5C26829C5435634CCD6CEBB2 /* Frameworks */ = {
			isa = PBXGroup;
			children = (
				E6D995067C45AF44C8F4B5DF /* Pods_CreditCardList.framework */,
			);
			name = Frameworks;
			sourceTree = "<group>";
		};
		8B6D331627FECEEE00F4410C = {
			isa = PBXGroup;
			children = (
				8B6D332127FECEEE00F4410C /* CreditCardList */,
				8B6D332027FECEEE00F4410C /* Products */,
				3E974B4B840213E0EDB7C0ED /* Pods */,
				5C26829C5435634CCD6CEBB2 /* Frameworks */,
			);
			sourceTree = "<group>";
		};
		8B6D332027FECEEE00F4410C /* Products */ = {
			isa = PBXGroup;
			children = (
				8B6D331F27FECEEE00F4410C /* CreditCardList.app */,
			);
			name = Products;
			sourceTree = "<group>";
		};
		8B6D332127FECEEE00F4410C /* CreditCardList */ = {
			isa = PBXGroup;
			children = (
				8B6D334227FEDEB700F4410C /* money.json */,
				8B6D332227FECEEE00F4410C /* AppDelegate.swift */,
				8B6D332427FECEEE00F4410C /* SceneDelegate.swift */,
				8B6D332827FECEEE00F4410C /* Main.storyboard */,
				8B6D333627FECF0100F4410C /* CardListViewController.swift */,
				8B6D332B27FECEEF00F4410C /* Assets.xcassets */,
				8B6D332D27FECEEF00F4410C /* LaunchScreen.storyboard */,
				8B6D333027FECEEF00F4410C /* Info.plist */,
				8B6D333827FED15D00F4410C /* CreditCard.swift */,
				8B6D333A27FED20E00F4410C /* CardListCell.swift */,
				8B6D333B27FED20E00F4410C /* CardListCell.xib */,
				8B6D333E27FEDBFC00F4410C /* CardDetailViewController.swift */,
				8B6D334427FEE87E00F4410C /* GoogleService-Info (1).plist */,
			);
			path = CreditCardList;
			sourceTree = "<group>";
		};
/* End PBXGroup section */

/* Begin PBXNativeTarget section */
		8B6D331E27FECEEE00F4410C /* CreditCardList */ = {
			isa = PBXNativeTarget;
			buildConfigurationList = 8B6D333327FECEEF00F4410C /* Build configuration list for PBXNativeTarget "CreditCardList" */;
			buildPhases = (
				2B2D65A7410FC10CAEBB64DB /* [CP] Check Pods Manifest.lock */,
				8B6D331B27FECEEE00F4410C /* Sources */,
				8B6D331C27FECEEE00F4410C /* Frameworks */,
				8B6D331D27FECEEE00F4410C /* Resources */,
				6A34A31C7F04C83A96EFE164 /* [CP] Embed Pods Frameworks */,
			);
			buildRules = (
			);
			dependencies = (
			);
			name = CreditCardList;
			productName = CreditCardList;
			productReference = 8B6D331F27FECEEE00F4410C /* CreditCardList.app */;
			productType = "com.apple.product-type.application";
		};
/* End PBXNativeTarget section */

/* Begin PBXProject section */
		8B6D331727FECEEE00F4410C /* Project object */ = {
			isa = PBXProject;
			attributes = {
				BuildIndependentTargetsInParallel = 1;
				LastSwiftUpdateCheck = 1330;
				LastUpgradeCheck = 1330;
				TargetAttributes = {
					8B6D331E27FECEEE00F4410C = {
						CreatedOnToolsVersion = 13.3;
					};
				};
			};
			buildConfigurationList = 8B6D331A27FECEEE00F4410C /* Build configuration list for PBXProject "CreditCardList" */;
			compatibilityVersion = "Xcode 13.0";
			developmentRegion = en;
			hasScannedForEncodings = 0;
			knownRegions = (
				en,
				Base,
			);
			mainGroup = 8B6D331627FECEEE00F4410C;
			productRefGroup = 8B6D332027FECEEE00F4410C /* Products */;
			projectDirPath = "";
			projectRoot = "";
			targets = (
				8B6D331E27FECEEE00F4410C /* CreditCardList */,
			);
		};
/* End PBXProject section */

/* Begin PBXResourcesBuildPhase section */
		8B6D331D27FECEEE00F4410C /* Resources */ = {
			isa = PBXResourcesBuildPhase;
			buildActionMask = 2147483647;
			files = (
				8B6D332F27FECEEF00F4410C /* LaunchScreen.storyboard in Resources */,
				8B6D334527FEE87E00F4410C /* GoogleService-Info (1).plist in Resources */,
				8B6D332C27FECEEF00F4410C /* Assets.xcassets in Resources */,
				8B6D334327FEDEB700F4410C /* money.json in Resources */,
				8B6D332A27FECEEE00F4410C /* Main.storyboard in Resources */,
				8B6D333D27FED20E00F4410C /* CardListCell.xib in Resources */,
			);
			runOnlyForDeploymentPostprocessing = 0;
		};
/* End PBXResourcesBuildPhase section */

/* Begin PBXShellScriptBuildPhase section */
		2B2D65A7410FC10CAEBB64DB /* [CP] Check Pods Manifest.lock */ = {
			isa = PBXShellScriptBuildPhase;
			buildActionMask = 2147483647;
			files = (
			);
			inputFileListPaths = (
			);
			inputPaths = (
				"${PODS_PODFILE_DIR_PATH}/Podfile.lock",
				"${PODS_ROOT}/Manifest.lock",
			);
			name = "[CP] Check Pods Manifest.lock";
			outputFileListPaths = (
			);
			outputPaths = (
				"$(DERIVED_FILE_DIR)/Pods-CreditCardList-checkManifestLockResult.txt",
			);
			runOnlyForDeploymentPostprocessing = 0;
			shellPath = /bin/sh;
			shellScript = "diff \"${PODS_PODFILE_DIR_PATH}/Podfile.lock\" \"${PODS_ROOT}/Manifest.lock\" > /dev/null\nif [ $? != 0 ] ; then\n    # print error to STDERR\n    echo \"error: The sandbox is not in sync with the Podfile.lock. Run 'pod install' or update your CocoaPods installation.\" >&2\n    exit 1\nfi\n# This output is used by Xcode 'outputs' to avoid re-running this script phase.\necho \"SUCCESS\" > \"${SCRIPT_OUTPUT_FILE_0}\"\n";
			showEnvVarsInLog = 0;
		};
		6A34A31C7F04C83A96EFE164 /* [CP] Embed Pods Frameworks */ = {
			isa = PBXShellScriptBuildPhase;
			buildActionMask = 2147483647;
			files = (
			);
			inputFileListPaths = (
				"${PODS_ROOT}/Target Support Files/Pods-CreditCardList/Pods-CreditCardList-frameworks-${CONFIGURATION}-input-files.xcfilelist",
			);
			name = "[CP] Embed Pods Frameworks";
			outputFileListPaths = (
				"${PODS_ROOT}/Target Support Files/Pods-CreditCardList/Pods-CreditCardList-frameworks-${CONFIGURATION}-output-files.xcfilelist",
			);
			runOnlyForDeploymentPostprocessing = 0;
			shellPath = /bin/sh;
			shellScript = "\"${PODS_ROOT}/Target Support Files/Pods-CreditCardList/Pods-CreditCardList-frameworks.sh\"\n";
			showEnvVarsInLog = 0;
		};
/* End PBXShellScriptBuildPhase section */

/* Begin PBXSourcesBuildPhase section */
		8B6D331B27FECEEE00F4410C /* Sources */ = {
			isa = PBXSourcesBuildPhase;
			buildActionMask = 2147483647;
			files = (
				8B6D333927FED15D00F4410C /* CreditCard.swift in Sources */,
				8B6D333F27FEDBFC00F4410C /* CardDetailViewController.swift in Sources */,
				8B6D333C27FED20E00F4410C /* CardListCell.swift in Sources */,
				8B6D333727FECF0100F4410C /* CardListViewController.swift in Sources */,
				8B6D332327FECEEE00F4410C /* AppDelegate.swift in Sources */,
				8B6D332527FECEEE00F4410C /* SceneDelegate.swift in Sources */,
			);
			runOnlyForDeploymentPostprocessing = 0;
		};
/* End PBXSourcesBuildPhase section */

/* Begin PBXVariantGroup section */
		8B6D332827FECEEE00F4410C /* Main.storyboard */ = {
			isa = PBXVariantGroup;
			children = (
				8B6D332927FECEEE00F4410C /* Base */,
			);
			name = Main.storyboard;
			sourceTree = "<group>";
		};
		8B6D332D27FECEEF00F4410C /* LaunchScreen.storyboard */ = {
			isa = PBXVariantGroup;
			children = (
				8B6D332E27FECEEF00F4410C /* Base */,
			);
			name = LaunchScreen.storyboard;
			sourceTree = "<group>";
		};
/* End PBXVariantGroup section */

/* Begin XCBuildConfiguration section */
		8B6D333127FECEEF00F4410C /* Debug */ = {
			isa = XCBuildConfiguration;
			buildSettings = {
				ALWAYS_SEARCH_USER_PATHS = NO;
				CLANG_ANALYZER_NONNULL = YES;
				CLANG_ANALYZER_NUMBER_OBJECT_CONVERSION = YES_AGGRESSIVE;
				CLANG_CXX_LANGUAGE_STANDARD = "gnu++17";
				CLANG_ENABLE_MODULES = YES;
				CLANG_ENABLE_OBJC_ARC = YES;
				CLANG_ENABLE_OBJC_WEAK = YES;
				CLANG_WARN_BLOCK_CAPTURE_AUTORELEASING = YES;
				CLANG_WARN_BOOL_CONVERSION = YES;
				CLANG_WARN_COMMA = YES;
				CLANG_WARN_CONSTANT_CONVERSION = YES;
				CLANG_WARN_DEPRECATED_OBJC_IMPLEMENTATIONS = YES;
				CLANG_WARN_DIRECT_OBJC_ISA_USAGE = YES_ERROR;
				CLANG_WARN_DOCUMENTATION_COMMENTS = YES;
				CLANG_WARN_EMPTY_BODY = YES;
				CLANG_WARN_ENUM_CONVERSION = YES;
				CLANG_WARN_INFINITE_RECURSION = YES;
				CLANG_WARN_INT_CONVERSION = YES;
				CLANG_WARN_NON_LITERAL_NULL_CONVERSION = YES;
				CLANG_WARN_OBJC_IMPLICIT_RETAIN_SELF = YES;
				CLANG_WARN_OBJC_LITERAL_CONVERSION = YES;
				CLANG_WARN_OBJC_ROOT_CLASS = YES_ERROR;
				CLANG_WARN_QUOTED_INCLUDE_IN_FRAMEWORK_HEADER = YES;
				CLANG_WARN_RANGE_LOOP_ANALYSIS = YES;
				CLANG_WARN_STRICT_PROTOTYPES = YES;
				CLANG_WARN_SUSPICIOUS_MOVE = YES;
				CLANG_WARN_UNGUARDED_AVAILABILITY = YES_AGGRESSIVE;
				CLANG_WARN_UNREACHABLE_CODE = YES;
				CLANG_WARN__DUPLICATE_METHOD_MATCH = YES;
				COPY_PHASE_STRIP = NO;
				DEBUG_INFORMATION_FORMAT = dwarf;
				ENABLE_STRICT_OBJC_MSGSEND = YES;
				ENABLE_TESTABILITY = YES;
				GCC_C_LANGUAGE_STANDARD = gnu11;
				GCC_DYNAMIC_NO_PIC = NO;
				GCC_NO_COMMON_BLOCKS = YES;
				GCC_OPTIMIZATION_LEVEL = 0;
				GCC_PREPROCESSOR_DEFINITIONS = (
					"DEBUG=1",
					"$(inherited)",
				);
				GCC_WARN_64_TO_32_BIT_CONVERSION = YES;
				GCC_WARN_ABOUT_RETURN_TYPE = YES_ERROR;
				GCC_WARN_UNDECLARED_SELECTOR = YES;
				GCC_WARN_UNINITIALIZED_AUTOS = YES_AGGRESSIVE;
				GCC_WARN_UNUSED_FUNCTION = YES;
				GCC_WARN_UNUSED_VARIABLE = YES;
				IPHONEOS_DEPLOYMENT_TARGET = 15.4;
				MTL_ENABLE_DEBUG_INFO = INCLUDE_SOURCE;
				MTL_FAST_MATH = YES;
				ONLY_ACTIVE_ARCH = YES;
				SDKROOT = iphoneos;
				SWIFT_ACTIVE_COMPILATION_CONDITIONS = DEBUG;
				SWIFT_OPTIMIZATION_LEVEL = "-Onone";
			};
			name = Debug;
		};
		8B6D333227FECEEF00F4410C /* Release */ = {
			isa = XCBuildConfiguration;
			buildSettings = {
				ALWAYS_SEARCH_USER_PATHS = NO;
				CLANG_ANALYZER_NONNULL = YES;
				CLANG_ANALYZER_NUMBER_OBJECT_CONVERSION = YES_AGGRESSIVE;
				CLANG_CXX_LANGUAGE_STANDARD = "gnu++17";
				CLANG_ENABLE_MODULES = YES;
				CLANG_ENABLE_OBJC_ARC = YES;
				CLANG_ENABLE_OBJC_WEAK = YES;
				CLANG_WARN_BLOCK_CAPTURE_AUTORELEASING = YES;
				CLANG_WARN_BOOL_CONVERSION = YES;
				CLANG_WARN_COMMA = YES;
				CLANG_WARN_CONSTANT_CONVERSION = YES;
				CLANG_WARN_DEPRECATED_OBJC_IMPLEMENTATIONS = YES;
				CLANG_WARN_DIRECT_OBJC_ISA_USAGE = YES_ERROR;
				CLANG_WARN_DOCUMENTATION_COMMENTS = YES;
				CLANG_WARN_EMPTY_BODY = YES;
				CLANG_WARN_ENUM_CONVERSION = YES;
				CLANG_WARN_INFINITE_RECURSION = YES;
				CLANG_WARN_INT_CONVERSION = YES;
				CLANG_WARN_NON_LITERAL_NULL_CONVERSION = YES;
				CLANG_WARN_OBJC_IMPLICIT_RETAIN_SELF = YES;
				CLANG_WARN_OBJC_LITERAL_CONVERSION = YES;
				CLANG_WARN_OBJC_ROOT_CLASS = YES_ERROR;
				CLANG_WARN_QUOTED_INCLUDE_IN_FRAMEWORK_HEADER = YES;
				CLANG_WARN_RANGE_LOOP_ANALYSIS = YES;
				CLANG_WARN_STRICT_PROTOTYPES = YES;
				CLANG_WARN_SUSPICIOUS_MOVE = YES;
				CLANG_WARN_UNGUARDED_AVAILABILITY = YES_AGGRESSIVE;
				CLANG_WARN_UNREACHABLE_CODE = YES;
				CLANG_WARN__DUPLICATE_METHOD_MATCH = YES;
				COPY_PHASE_STRIP = NO;
				DEBUG_INFORMATION_FORMAT = "dwarf-with-dsym";
				ENABLE_NS_ASSERTIONS = NO;
				ENABLE_STRICT_OBJC_MSGSEND = YES;
				GCC_C_LANGUAGE_STANDARD = gnu11;
				GCC_NO_COMMON_BLOCKS = YES;
				GCC_WARN_64_TO_32_BIT_CONVERSION = YES;
				GCC_WARN_ABOUT_RETURN_TYPE = YES_ERROR;
				GCC_WARN_UNDECLARED_SELECTOR = YES;
				GCC_WARN_UNINITIALIZED_AUTOS = YES_AGGRESSIVE;
				GCC_WARN_UNUSED_FUNCTION = YES;
				GCC_WARN_UNUSED_VARIABLE = YES;
				IPHONEOS_DEPLOYMENT_TARGET = 15.4;
				MTL_ENABLE_DEBUG_INFO = NO;
				MTL_FAST_MATH = YES;
				SDKROOT = iphoneos;
				SWIFT_COMPILATION_MODE = wholemodule;
				SWIFT_OPTIMIZATION_LEVEL = "-O";
				VALIDATE_PRODUCT = YES;
			};
			name = Release;
		};
		8B6D333427FECEEF00F4410C /* Debug */ = {
			isa = XCBuildConfiguration;
			baseConfigurationReference = 42F6B9FCFAC9485A76ED8B06 /* Pods-CreditCardList.debug.xcconfig */;
			buildSettings = {
				ASSETCATALOG_COMPILER_APPICON_NAME = AppIcon;
				ASSETCATALOG_COMPILER_GLOBAL_ACCENT_COLOR_NAME = AccentColor;
				CODE_SIGN_STYLE = Automatic;
				CURRENT_PROJECT_VERSION = 1;
				DEVELOPMENT_TEAM = 9US832H3NT;
				GENERATE_INFOPLIST_FILE = YES;
				INFOPLIST_FILE = CreditCardList/Info.plist;
				INFOPLIST_KEY_UIApplicationSupportsIndirectInputEvents = YES;
				INFOPLIST_KEY_UILaunchStoryboardName = LaunchScreen;
				INFOPLIST_KEY_UIMainStoryboardFile = Main;
				INFOPLIST_KEY_UISupportedInterfaceOrientations_iPad = "UIInterfaceOrientationPortrait UIInterfaceOrientationPortraitUpsideDown UIInterfaceOrientationLandscapeLeft UIInterfaceOrientationLandscapeRight";
				INFOPLIST_KEY_UISupportedInterfaceOrientations_iPhone = "UIInterfaceOrientationPortrait UIInterfaceOrientationLandscapeLeft UIInterfaceOrientationLandscapeRight";
				LD_RUNPATH_SEARCH_PATHS = (
					"$(inherited)",
					"@executable_path/Frameworks",
				);
				MARKETING_VERSION = 1.0;
				PRODUCT_BUNDLE_IDENTIFIER = kr.co.junsu.CreditCardList;
				PRODUCT_NAME = "$(TARGET_NAME)";
				SWIFT_EMIT_LOC_STRINGS = YES;
				SWIFT_VERSION = 5.0;
				TARGETED_DEVICE_FAMILY = "1,2";
			};
			name = Debug;
		};
		8B6D333527FECEEF00F4410C /* Release */ = {
			isa = XCBuildConfiguration;
			baseConfigurationReference = 8D5C528172C7B6A8EC534C00 /* Pods-CreditCardList.release.xcconfig */;
			buildSettings = {
				ASSETCATALOG_COMPILER_APPICON_NAME = AppIcon;
				ASSETCATALOG_COMPILER_GLOBAL_ACCENT_COLOR_NAME = AccentColor;
				CODE_SIGN_STYLE = Automatic;
				CURRENT_PROJECT_VERSION = 1;
				DEVELOPMENT_TEAM = 9US832H3NT;
				GENERATE_INFOPLIST_FILE = YES;
				INFOPLIST_FILE = CreditCardList/Info.plist;
				INFOPLIST_KEY_UIApplicationSupportsIndirectInputEvents = YES;
				INFOPLIST_KEY_UILaunchStoryboardName = LaunchScreen;
				INFOPLIST_KEY_UIMainStoryboardFile = Main;
				INFOPLIST_KEY_UISupportedInterfaceOrientations_iPad = "UIInterfaceOrientationPortrait UIInterfaceOrientationPortraitUpsideDown UIInterfaceOrientationLandscapeLeft UIInterfaceOrientationLandscapeRight";
				INFOPLIST_KEY_UISupportedInterfaceOrientations_iPhone = "UIInterfaceOrientationPortrait UIInterfaceOrientationLandscapeLeft UIInterfaceOrientationLandscapeRight";
				LD_RUNPATH_SEARCH_PATHS = (
					"$(inherited)",
					"@executable_path/Frameworks",
				);
				MARKETING_VERSION = 1.0;
				PRODUCT_BUNDLE_IDENTIFIER = kr.co.junsu.CreditCardList;
				PRODUCT_NAME = "$(TARGET_NAME)";
				SWIFT_EMIT_LOC_STRINGS = YES;
				SWIFT_VERSION = 5.0;
				TARGETED_DEVICE_FAMILY = "1,2";
			};
			name = Release;
		};
/* End XCBuildConfiguration section */

/* Begin XCConfigurationList section */
		8B6D331A27FECEEE00F4410C /* Build configuration list for PBXProject "CreditCardList" */ = {
			isa = XCConfigurationList;
			buildConfigurations = (
				8B6D333127FECEEF00F4410C /* Debug */,
				8B6D333227FECEEF00F4410C /* Release */,
			);
			defaultConfigurationIsVisible = 0;
			defaultConfigurationName = Release;
		};
		8B6D333327FECEEF00F4410C /* Build configuration list for PBXNativeTarget "CreditCardList" */ = {
			isa = XCConfigurationList;
			buildConfigurations = (
				8B6D333427FECEEF00F4410C /* Debug */,
				8B6D333527FECEEF00F4410C /* Release */,
			);
			defaultConfigurationIsVisible = 0;
			defaultConfigurationName = Release;
		};
/* End XCConfigurationList section */
	};
	rootObject = 8B6D331727FECEEE00F4410C /* Project object */;
}
