// !$*UTF8*$!
{
	archiveVersion = 1;
	classes = {
	};
	objectVersion = 55;
	objects = {

/* Begin PBXBuildFile section */
		8B4941292816C13F00E2781C /* AppDelegate.swift in Sources */ = {isa = PBXBuildFile; fileRef = 8B4941282816C13F00E2781C /* AppDelegate.swift */; };
		8B49412B2816C13F00E2781C /* SceneDelegate.swift in Sources */ = {isa = PBXBuildFile; fileRef = 8B49412A2816C13F00E2781C /* SceneDelegate.swift */; };
		8B49412D2816C13F00E2781C /* ViewController.swift in Sources */ = {isa = PBXBuildFile; fileRef = 8B49412C2816C13F00E2781C /* ViewController.swift */; };
		8B4941302816C13F00E2781C /* Main.storyboard in Resources */ = {isa = PBXBuildFile; fileRef = 8B49412E2816C13F00E2781C /* Main.storyboard */; };
		8B4941322816C14000E2781C /* Assets.xcassets in Resources */ = {isa = PBXBuildFile; fileRef = 8B4941312816C14000E2781C /* Assets.xcassets */; };
		8B4941352816C14000E2781C /* LaunchScreen.storyboard in Resources */ = {isa = PBXBuildFile; fileRef = 8B4941332816C14000E2781C /* LaunchScreen.storyboard */; };
		8B80FED8281987680006AD8D /* BeerListViewController.swift in Sources */ = {isa = PBXBuildFile; fileRef = 8B80FED7281987680006AD8D /* BeerListViewController.swift */; };
		8B80FEDB2819888B0006AD8D /* SnapKit in Frameworks */ = {isa = PBXBuildFile; productRef = 8B80FEDA2819888B0006AD8D /* SnapKit */; };
		8B80FEDE281988A30006AD8D /* Kingfisher in Frameworks */ = {isa = PBXBuildFile; productRef = 8B80FEDD281988A30006AD8D /* Kingfisher */; };
		8B80FEE02819890C0006AD8D /* Beer.swift in Sources */ = {isa = PBXBuildFile; fileRef = 8B80FEDF2819890C0006AD8D /* Beer.swift */; };
		8B80FEE228198B080006AD8D /* BeerListCell.swift in Sources */ = {isa = PBXBuildFile; fileRef = 8B80FEE128198B080006AD8D /* BeerListCell.swift */; };
/* End PBXBuildFile section */

/* Begin PBXFileReference section */
		8B4941252816C13F00E2781C /* Brewary.app */ = {isa = PBXFileReference; explicitFileType = wrapper.application; includeInIndex = 0; path = Brewary.app; sourceTree = BUILT_PRODUCTS_DIR; };
		8B4941282816C13F00E2781C /* AppDelegate.swift */ = {isa = PBXFileReference; lastKnownFileType = sourcecode.swift; path = AppDelegate.swift; sourceTree = "<group>"; };
		8B49412A2816C13F00E2781C /* SceneDelegate.swift */ = {isa = PBXFileReference; lastKnownFileType = sourcecode.swift; path = SceneDelegate.swift; sourceTree = "<group>"; };
		8B49412C2816C13F00E2781C /* ViewController.swift */ = {isa = PBXFileReference; lastKnownFileType = sourcecode.swift; path = ViewController.swift; sourceTree = "<group>"; };
		8B49412F2816C13F00E2781C /* Base */ = {isa = PBXFileReference; lastKnownFileType = file.storyboard; name = Base; path = Base.lproj/Main.storyboard; sourceTree = "<group>"; };
		8B4941312816C14000E2781C /* Assets.xcassets */ = {isa = PBXFileReference; lastKnownFileType = folder.assetcatalog; path = Assets.xcassets; sourceTree = "<group>"; };
		8B4941342816C14000E2781C /* Base */ = {isa = PBXFileReference; lastKnownFileType = file.storyboard; name = Base; path = Base.lproj/LaunchScreen.storyboard; sourceTree = "<group>"; };
		8B4941362816C14000E2781C /* Info.plist */ = {isa = PBXFileReference; lastKnownFileType = text.plist.xml; path = Info.plist; sourceTree = "<group>"; };
		8B80FED7281987680006AD8D /* BeerListViewController.swift */ = {isa = PBXFileReference; lastKnownFileType = sourcecode.swift; path = BeerListViewController.swift; sourceTree = "<group>"; };
		8B80FEDF2819890C0006AD8D /* Beer.swift */ = {isa = PBXFileReference; lastKnownFileType = sourcecode.swift; path = Beer.swift; sourceTree = "<group>"; };
		8B80FEE128198B080006AD8D /* BeerListCell.swift */ = {isa = PBXFileReference; lastKnownFileType = sourcecode.swift; path = BeerListCell.swift; sourceTree = "<group>"; };
/* End PBXFileReference section */

/* Begin PBXFrameworksBuildPhase section */
		8B4941222816C13F00E2781C /* Frameworks */ = {
			isa = PBXFrameworksBuildPhase;
			buildActionMask = 2147483647;
			files = (
				8B80FEDE281988A30006AD8D /* Kingfisher in Frameworks */,
				8B80FEDB2819888B0006AD8D /* SnapKit in Frameworks */,
			);
			runOnlyForDeploymentPostprocessing = 0;
		};
/* End PBXFrameworksBuildPhase section */

/* Begin PBXGroup section */
		8B49411C2816C13F00E2781C = {
			isa = PBXGroup;
			children = (
				8B80FEDF2819890C0006AD8D /* Beer.swift */,
				8B4941272816C13F00E2781C /* Brewary */,
				8B4941262816C13F00E2781C /* Products */,
			);
			sourceTree = "<group>";
		};
		8B4941262816C13F00E2781C /* Products */ = {
			isa = PBXGroup;
			children = (
				8B4941252816C13F00E2781C /* Brewary.app */,
			);
			name = Products;
			sourceTree = "<group>";
		};
		8B4941272816C13F00E2781C /* Brewary */ = {
			isa = PBXGroup;
			children = (
				8B4941282816C13F00E2781C /* AppDelegate.swift */,
				8B49412A2816C13F00E2781C /* SceneDelegate.swift */,
				8B49412C2816C13F00E2781C /* ViewController.swift */,
				8B49412E2816C13F00E2781C /* Main.storyboard */,
				8B4941312816C14000E2781C /* Assets.xcassets */,
				8B4941332816C14000E2781C /* LaunchScreen.storyboard */,
				8B4941362816C14000E2781C /* Info.plist */,
				8B80FED7281987680006AD8D /* BeerListViewController.swift */,
				8B80FEE128198B080006AD8D /* BeerListCell.swift */,
			);
			path = Brewary;
			sourceTree = "<group>";
		};
/* End PBXGroup section */

/* Begin PBXNativeTarget section */
		8B4941242816C13F00E2781C /* Brewary */ = {
			isa = PBXNativeTarget;
			buildConfigurationList = 8B4941392816C14000E2781C /* Build configuration list for PBXNativeTarget "Brewary" */;
			buildPhases = (
				8B4941212816C13F00E2781C /* Sources */,
				8B4941222816C13F00E2781C /* Frameworks */,
				8B4941232816C13F00E2781C /* Resources */,
			);
			buildRules = (
			);
			dependencies = (
			);
			name = Brewary;
			packageProductDependencies = (
				8B80FEDA2819888B0006AD8D /* SnapKit */,
				8B80FEDD281988A30006AD8D /* Kingfisher */,
			);
			productName = Brewary;
			productReference = 8B4941252816C13F00E2781C /* Brewary.app */;
			productType = "com.apple.product-type.application";
		};
/* End PBXNativeTarget section */

/* Begin PBXProject section */
		8B49411D2816C13F00E2781C /* Project object */ = {
			isa = PBXProject;
			attributes = {
				BuildIndependentTargetsInParallel = 1;
				LastSwiftUpdateCheck = 1330;
				LastUpgradeCheck = 1330;
				TargetAttributes = {
					8B4941242816C13F00E2781C = {
						CreatedOnToolsVersion = 13.3;
					};
				};
			};
			buildConfigurationList = 8B4941202816C13F00E2781C /* Build configuration list for PBXProject "Brewary" */;
			compatibilityVersion = "Xcode 13.0";
			developmentRegion = en;
			hasScannedForEncodings = 0;
			knownRegions = (
				en,
				Base,
			);
			mainGroup = 8B49411C2816C13F00E2781C;
			packageReferences = (
				8B80FED92819888B0006AD8D /* XCRemoteSwiftPackageReference "SnapKit" */,
				8B80FEDC281988A30006AD8D /* XCRemoteSwiftPackageReference "Kingfisher" */,
			);
			productRefGroup = 8B4941262816C13F00E2781C /* Products */;
			projectDirPath = "";
			projectRoot = "";
			targets = (
				8B4941242816C13F00E2781C /* Brewary */,
			);
		};
/* End PBXProject section */

/* Begin PBXResourcesBuildPhase section */
		8B4941232816C13F00E2781C /* Resources */ = {
			isa = PBXResourcesBuildPhase;
			buildActionMask = 2147483647;
			files = (
				8B4941352816C14000E2781C /* LaunchScreen.storyboard in Resources */,
				8B4941322816C14000E2781C /* Assets.xcassets in Resources */,
				8B4941302816C13F00E2781C /* Main.storyboard in Resources */,
			);
			runOnlyForDeploymentPostprocessing = 0;
		};
/* End PBXResourcesBuildPhase section */

/* Begin PBXSourcesBuildPhase section */
		8B4941212816C13F00E2781C /* Sources */ = {
			isa = PBXSourcesBuildPhase;
			buildActionMask = 2147483647;
			files = (
				8B80FED8281987680006AD8D /* BeerListViewController.swift in Sources */,
				8B49412D2816C13F00E2781C /* ViewController.swift in Sources */,
				8B80FEE02819890C0006AD8D /* Beer.swift in Sources */,
				8B4941292816C13F00E2781C /* AppDelegate.swift in Sources */,
				8B49412B2816C13F00E2781C /* SceneDelegate.swift in Sources */,
				8B80FEE228198B080006AD8D /* BeerListCell.swift in Sources */,
			);
			runOnlyForDeploymentPostprocessing = 0;
		};
/* End PBXSourcesBuildPhase section */

/* Begin PBXVariantGroup section */
		8B49412E2816C13F00E2781C /* Main.storyboard */ = {
			isa = PBXVariantGroup;
			children = (
				8B49412F2816C13F00E2781C /* Base */,
			);
			name = Main.storyboard;
			sourceTree = "<group>";
		};
		8B4941332816C14000E2781C /* LaunchScreen.storyboard */ = {
			isa = PBXVariantGroup;
			children = (
				8B4941342816C14000E2781C /* Base */,
			);
			name = LaunchScreen.storyboard;
			sourceTree = "<group>";
		};
/* End PBXVariantGroup section */

/* Begin XCBuildConfiguration section */
		8B4941372816C14000E2781C /* Debug */ = {
			isa = XCBuildConfiguration;
			buildSettings = {
				ALWAYS_SEARCH_USER_PATHS = NO;
				CLANG_ANALYZER_NONNULL = YES;
				CLANG_ANALYZER_NUMBER_OBJECT_CONVERSION = YES_AGGRESSIVE;
				CLANG_CXX_LANGUAGE_STANDARD = "gnu++17";
				CLANG_ENABLE_MODULES = YES;
				CLANG_ENABLE_OBJC_ARC = YES;
				CLANG_ENABLE_OBJC_WEAK = YES;
				CLANG_WARN_BLOCK_CAPTURE_AUTORELEASING = YES;
				CLANG_WARN_BOOL_CONVERSION = YES;
				CLANG_WARN_COMMA = YES;
				CLANG_WARN_CONSTANT_CONVERSION = YES;
				CLANG_WARN_DEPRECATED_OBJC_IMPLEMENTATIONS = YES;
				CLANG_WARN_DIRECT_OBJC_ISA_USAGE = YES_ERROR;
				CLANG_WARN_DOCUMENTATION_COMMENTS = YES;
				CLANG_WARN_EMPTY_BODY = YES;
				CLANG_WARN_ENUM_CONVERSION = YES;
				CLANG_WARN_INFINITE_RECURSION = YES;
				CLANG_WARN_INT_CONVERSION = YES;
				CLANG_WARN_NON_LITERAL_NULL_CONVERSION = YES;
				CLANG_WARN_OBJC_IMPLICIT_RETAIN_SELF = YES;
				CLANG_WARN_OBJC_LITERAL_CONVERSION = YES;
				CLANG_WARN_OBJC_ROOT_CLASS = YES_ERROR;
				CLANG_WARN_QUOTED_INCLUDE_IN_FRAMEWORK_HEADER = YES;
				CLANG_WARN_RANGE_LOOP_ANALYSIS = YES;
				CLANG_WARN_STRICT_PROTOTYPES = YES;
				CLANG_WARN_SUSPICIOUS_MOVE = YES;
				CLANG_WARN_UNGUARDED_AVAILABILITY = YES_AGGRESSIVE;
				CLANG_WARN_UNREACHABLE_CODE = YES;
				CLANG_WARN__DUPLICATE_METHOD_MATCH = YES;
				COPY_PHASE_STRIP = NO;
				DEBUG_INFORMATION_FORMAT = dwarf;
				ENABLE_STRICT_OBJC_MSGSEND = YES;
				ENABLE_TESTABILITY = YES;
				GCC_C_LANGUAGE_STANDARD = gnu11;
				GCC_DYNAMIC_NO_PIC = NO;
				GCC_NO_COMMON_BLOCKS = YES;
				GCC_OPTIMIZATION_LEVEL = 0;
				GCC_PREPROCESSOR_DEFINITIONS = (
					"DEBUG=1",
					"$(inherited)",
				);
				GCC_WARN_64_TO_32_BIT_CONVERSION = YES;
				GCC_WARN_ABOUT_RETURN_TYPE = YES_ERROR;
				GCC_WARN_UNDECLARED_SELECTOR = YES;
				GCC_WARN_UNINITIALIZED_AUTOS = YES_AGGRESSIVE;
				GCC_WARN_UNUSED_FUNCTION = YES;
				GCC_WARN_UNUSED_VARIABLE = YES;
				IPHONEOS_DEPLOYMENT_TARGET = 15.4;
				MTL_ENABLE_DEBUG_INFO = INCLUDE_SOURCE;
				MTL_FAST_MATH = YES;
				ONLY_ACTIVE_ARCH = YES;
				SDKROOT = iphoneos;
				SWIFT_ACTIVE_COMPILATION_CONDITIONS = DEBUG;
				SWIFT_OPTIMIZATION_LEVEL = "-Onone";
			};
			name = Debug;
		};
		8B4941382816C14000E2781C /* Release */ = {
			isa = XCBuildConfiguration;
			buildSettings = {
				ALWAYS_SEARCH_USER_PATHS = NO;
				CLANG_ANALYZER_NONNULL = YES;
				CLANG_ANALYZER_NUMBER_OBJECT_CONVERSION = YES_AGGRESSIVE;
				CLANG_CXX_LANGUAGE_STANDARD = "gnu++17";
				CLANG_ENABLE_MODULES = YES;
				CLANG_ENABLE_OBJC_ARC = YES;
				CLANG_ENABLE_OBJC_WEAK = YES;
				CLANG_WARN_BLOCK_CAPTURE_AUTORELEASING = YES;
				CLANG_WARN_BOOL_CONVERSION = YES;
				CLANG_WARN_COMMA = YES;
				CLANG_WARN_CONSTANT_CONVERSION = YES;
				CLANG_WARN_DEPRECATED_OBJC_IMPLEMENTATIONS = YES;
				CLANG_WARN_DIRECT_OBJC_ISA_USAGE = YES_ERROR;
				CLANG_WARN_DOCUMENTATION_COMMENTS = YES;
				CLANG_WARN_EMPTY_BODY = YES;
				CLANG_WARN_ENUM_CONVERSION = YES;
				CLANG_WARN_INFINITE_RECURSION = YES;
				CLANG_WARN_INT_CONVERSION = YES;
				CLANG_WARN_NON_LITERAL_NULL_CONVERSION = YES;
				CLANG_WARN_OBJC_IMPLICIT_RETAIN_SELF = YES;
				CLANG_WARN_OBJC_LITERAL_CONVERSION = YES;
				CLANG_WARN_OBJC_ROOT_CLASS = YES_ERROR;
				CLANG_WARN_QUOTED_INCLUDE_IN_FRAMEWORK_HEADER = YES;
				CLANG_WARN_RANGE_LOOP_ANALYSIS = YES;
				CLANG_WARN_STRICT_PROTOTYPES = YES;
				CLANG_WARN_SUSPICIOUS_MOVE = YES;
				CLANG_WARN_UNGUARDED_AVAILABILITY = YES_AGGRESSIVE;
				CLANG_WARN_UNREACHABLE_CODE = YES;
				CLANG_WARN__DUPLICATE_METHOD_MATCH = YES;
				COPY_PHASE_STRIP = NO;
				DEBUG_INFORMATION_FORMAT = "dwarf-with-dsym";
				ENABLE_NS_ASSERTIONS = NO;
				ENABLE_STRICT_OBJC_MSGSEND = YES;
				GCC_C_LANGUAGE_STANDARD = gnu11;
				GCC_NO_COMMON_BLOCKS = YES;
				GCC_WARN_64_TO_32_BIT_CONVERSION = YES;
				GCC_WARN_ABOUT_RETURN_TYPE = YES_ERROR;
				GCC_WARN_UNDECLARED_SELECTOR = YES;
				GCC_WARN_UNINITIALIZED_AUTOS = YES_AGGRESSIVE;
				GCC_WARN_UNUSED_FUNCTION = YES;
				GCC_WARN_UNUSED_VARIABLE = YES;
				IPHONEOS_DEPLOYMENT_TARGET = 15.4;
				MTL_ENABLE_DEBUG_INFO = NO;
				MTL_FAST_MATH = YES;
				SDKROOT = iphoneos;
				SWIFT_COMPILATION_MODE = wholemodule;
				SWIFT_OPTIMIZATION_LEVEL = "-O";
				VALIDATE_PRODUCT = YES;
			};
			name = Release;
		};
		8B49413A2816C14000E2781C /* Debug */ = {
			isa = XCBuildConfiguration;
			buildSettings = {
				ASSETCATALOG_COMPILER_APPICON_NAME = AppIcon;
				ASSETCATALOG_COMPILER_GLOBAL_ACCENT_COLOR_NAME = AccentColor;
				CODE_SIGN_STYLE = Automatic;
				CURRENT_PROJECT_VERSION = 1;
				DEVELOPMENT_TEAM = 9US832H3NT;
				GENERATE_INFOPLIST_FILE = YES;
				INFOPLIST_FILE = Brewary/Info.plist;
				INFOPLIST_KEY_UIApplicationSupportsIndirectInputEvents = YES;
				INFOPLIST_KEY_UILaunchStoryboardName = LaunchScreen;
				INFOPLIST_KEY_UISupportedInterfaceOrientations_iPad = "UIInterfaceOrientationPortrait UIInterfaceOrientationPortraitUpsideDown UIInterfaceOrientationLandscapeLeft UIInterfaceOrientationLandscapeRight";
				INFOPLIST_KEY_UISupportedInterfaceOrientations_iPhone = "UIInterfaceOrientationPortrait UIInterfaceOrientationLandscapeLeft UIInterfaceOrientationLandscapeRight";
				LD_RUNPATH_SEARCH_PATHS = (
					"$(inherited)",
					"@executable_path/Frameworks",
				);
				MARKETING_VERSION = 1.0;
				PRODUCT_BUNDLE_IDENTIFIER = kr.co.junsu.Brewary;
				PRODUCT_NAME = "$(TARGET_NAME)";
				SWIFT_EMIT_LOC_STRINGS = YES;
				SWIFT_VERSION = 5.0;
				TARGETED_DEVICE_FAMILY = "1,2";
			};
			name = Debug;
		};
		8B49413B2816C14000E2781C /* Release */ = {
			isa = XCBuildConfiguration;
			buildSettings = {
				ASSETCATALOG_COMPILER_APPICON_NAME = AppIcon;
				ASSETCATALOG_COMPILER_GLOBAL_ACCENT_COLOR_NAME = AccentColor;
				CODE_SIGN_STYLE = Automatic;
				CURRENT_PROJECT_VERSION = 1;
				DEVELOPMENT_TEAM = 9US832H3NT;
				GENERATE_INFOPLIST_FILE = YES;
				INFOPLIST_FILE = Brewary/Info.plist;
				INFOPLIST_KEY_UIApplicationSupportsIndirectInputEvents = YES;
				INFOPLIST_KEY_UILaunchStoryboardName = LaunchScreen;
				INFOPLIST_KEY_UISupportedInterfaceOrientations_iPad = "UIInterfaceOrientationPortrait UIInterfaceOrientationPortraitUpsideDown UIInterfaceOrientationLandscapeLeft UIInterfaceOrientationLandscapeRight";
				INFOPLIST_KEY_UISupportedInterfaceOrientations_iPhone = "UIInterfaceOrientationPortrait UIInterfaceOrientationLandscapeLeft UIInterfaceOrientationLandscapeRight";
				LD_RUNPATH_SEARCH_PATHS = (
					"$(inherited)",
					"@executable_path/Frameworks",
				);
				MARKETING_VERSION = 1.0;
				PRODUCT_BUNDLE_IDENTIFIER = kr.co.junsu.Brewary;
				PRODUCT_NAME = "$(TARGET_NAME)";
				SWIFT_EMIT_LOC_STRINGS = YES;
				SWIFT_VERSION = 5.0;
				TARGETED_DEVICE_FAMILY = "1,2";
			};
			name = Release;
		};
/* End XCBuildConfiguration section */

/* Begin XCConfigurationList section */
		8B4941202816C13F00E2781C /* Build configuration list for PBXProject "Brewary" */ = {
			isa = XCConfigurationList;
			buildConfigurations = (
				8B4941372816C14000E2781C /* Debug */,
				8B4941382816C14000E2781C /* Release */,
			);
			defaultConfigurationIsVisible = 0;
			defaultConfigurationName = Release;
		};
		8B4941392816C14000E2781C /* Build configuration list for PBXNativeTarget "Brewary" */ = {
			isa = XCConfigurationList;
			buildConfigurations = (
				8B49413A2816C14000E2781C /* Debug */,
				8B49413B2816C14000E2781C /* Release */,
			);
			defaultConfigurationIsVisible = 0;
			defaultConfigurationName = Release;
		};
/* End XCConfigurationList section */

/* Begin XCRemoteSwiftPackageReference section */
		8B80FED92819888B0006AD8D /* XCRemoteSwiftPackageReference "SnapKit" */ = {
			isa = XCRemoteSwiftPackageReference;
			repositoryURL = "https://github.com/SnapKit/SnapKit.git";
			requirement = {
				kind = upToNextMajorVersion;
				minimumVersion = 5.0.1;
			};
		};
		8B80FEDC281988A30006AD8D /* XCRemoteSwiftPackageReference "Kingfisher" */ = {
			isa = XCRemoteSwiftPackageReference;
			repositoryURL = "https://github.com/onevcat/Kingfisher.git";
			requirement = {
				kind = upToNextMajorVersion;
				minimumVersion = 7.0.0;
			};
		};
/* End XCRemoteSwiftPackageReference section */

/* Begin XCSwiftPackageProductDependency section */
		8B80FEDA2819888B0006AD8D /* SnapKit */ = {
			isa = XCSwiftPackageProductDependency;
			package = 8B80FED92819888B0006AD8D /* XCRemoteSwiftPackageReference "SnapKit" */;
			productName = SnapKit;
		};
		8B80FEDD281988A30006AD8D /* Kingfisher */ = {
			isa = XCSwiftPackageProductDependency;
			package = 8B80FEDC281988A30006AD8D /* XCRemoteSwiftPackageReference "Kingfisher" */;
			productName = Kingfisher;
		};
/* End XCSwiftPackageProductDependency section */
	};
	rootObject = 8B49411D2816C13F00E2781C /* Project object */;
}
